// !$*UTF8*$!
{
	archiveVersion = 1;
	classes = {
	};
	objectVersion = 55;
	objects = {

/* Begin PBXBuildFile section */
		08ED534F56B3F402734CD392 /* Pods_elber.framework in Frameworks */ = {isa = PBXBuildFile; fileRef = 6DFE0D14D854A63209764482 /* Pods_elber.framework */; };
		34C34A0AEEAE303CDD45C202 /* Pods_elber_WatchKit_Extension.framework in Frameworks */ = {isa = PBXBuildFile; fileRef = AFBEFBA83AA467E2C519900C /* Pods_elber_WatchKit_Extension.framework */; };
		37D8FA63A507966A92B8355D /* Pods_elber_WatchKit_App.framework in Frameworks */ = {isa = PBXBuildFile; fileRef = F1B1C2E2F0CEBF84A9132490 /* Pods_elber_WatchKit_App.framework */; };
		502183F228C66A46001E0F37 /* GoogleService-Info.plist in Resources */ = {isa = PBXBuildFile; fileRef = 502183F128C66A46001E0F37 /* GoogleService-Info.plist */; };
		5072254428C5194F0075A274 /* AlertsUtil.swift in Sources */ = {isa = PBXBuildFile; fileRef = 5072254328C5194F0075A274 /* AlertsUtil.swift */; };
		5089C44B28BD98D500DCB54D /* MainViewController.swift in Sources */ = {isa = PBXBuildFile; fileRef = 5089C44A28BD98D500DCB54D /* MainViewController.swift */; };
		5089C44E28BD9CD100DCB54D /* PrimaryButton.swift in Sources */ = {isa = PBXBuildFile; fileRef = 5089C44D28BD9CD100DCB54D /* PrimaryButton.swift */; };
		5089C45028BDA54700DCB54D /* SecondaryButton.swift in Sources */ = {isa = PBXBuildFile; fileRef = 5089C44F28BDA54700DCB54D /* SecondaryButton.swift */; };
		50D1F2C628BA7C4E0074F53B /* AppDelegate.swift in Sources */ = {isa = PBXBuildFile; fileRef = 50D1F2C528BA7C4E0074F53B /* AppDelegate.swift */; };
		50D1F2C828BA7C4E0074F53B /* SceneDelegate.swift in Sources */ = {isa = PBXBuildFile; fileRef = 50D1F2C728BA7C4E0074F53B /* SceneDelegate.swift */; };
		50D1F2CD28BA7C4E0074F53B /* Main.storyboard in Resources */ = {isa = PBXBuildFile; fileRef = 50D1F2CB28BA7C4E0074F53B /* Main.storyboard */; };
		50D1F2CF28BA7C4E0074F53B /* Assets.xcassets in Resources */ = {isa = PBXBuildFile; fileRef = 50D1F2CE28BA7C4E0074F53B /* Assets.xcassets */; };
		50D1F2D228BA7C4E0074F53B /* LaunchScreen.storyboard in Resources */ = {isa = PBXBuildFile; fileRef = 50D1F2D028BA7C4E0074F53B /* LaunchScreen.storyboard */; };
		50D1F2D728BA7C4E0074F53B /* elber WatchKit App.app in Embed Watch Content */ = {isa = PBXBuildFile; fileRef = 50D1F2D628BA7C4E0074F53B /* elber WatchKit App.app */; settings = {ATTRIBUTES = (RemoveHeadersOnCopy, ); }; };
		50D1F2DD28BA7C4E0074F53B /* Interface.storyboard in Resources */ = {isa = PBXBuildFile; fileRef = 50D1F2DB28BA7C4E0074F53B /* Interface.storyboard */; };
		50D1F2DF28BA7C4F0074F53B /* Assets.xcassets in Resources */ = {isa = PBXBuildFile; fileRef = 50D1F2DE28BA7C4F0074F53B /* Assets.xcassets */; };
		50D1F2E528BA7C4F0074F53B /* elber WatchKit Extension.appex in Embed App Extensions */ = {isa = PBXBuildFile; fileRef = 50D1F2E428BA7C4F0074F53B /* elber WatchKit Extension.appex */; settings = {ATTRIBUTES = (RemoveHeadersOnCopy, ); }; };
		50D1F2EA28BA7C4F0074F53B /* InterfaceController.swift in Sources */ = {isa = PBXBuildFile; fileRef = 50D1F2E928BA7C4F0074F53B /* InterfaceController.swift */; };
		50D1F2EC28BA7C4F0074F53B /* ExtensionDelegate.swift in Sources */ = {isa = PBXBuildFile; fileRef = 50D1F2EB28BA7C4F0074F53B /* ExtensionDelegate.swift */; };
		50D1F2EE28BA7C4F0074F53B /* NotificationController.swift in Sources */ = {isa = PBXBuildFile; fileRef = 50D1F2ED28BA7C4F0074F53B /* NotificationController.swift */; };
		50D1F2F028BA7C4F0074F53B /* ComplicationController.swift in Sources */ = {isa = PBXBuildFile; fileRef = 50D1F2EF28BA7C4F0074F53B /* ComplicationController.swift */; };
		50D1F2F228BA7C4F0074F53B /* Assets.xcassets in Resources */ = {isa = PBXBuildFile; fileRef = 50D1F2F128BA7C4F0074F53B /* Assets.xcassets */; };
/* End PBXBuildFile section */

/* Begin PBXContainerItemProxy section */
		50D1F2D828BA7C4E0074F53B /* PBXContainerItemProxy */ = {
			isa = PBXContainerItemProxy;
			containerPortal = 50D1F2BA28BA7C4D0074F53B /* Project object */;
			proxyType = 1;
			remoteGlobalIDString = 50D1F2D528BA7C4E0074F53B;
			remoteInfo = "elber WatchKit App";
		};
		50D1F2E628BA7C4F0074F53B /* PBXContainerItemProxy */ = {
			isa = PBXContainerItemProxy;
			containerPortal = 50D1F2BA28BA7C4D0074F53B /* Project object */;
			proxyType = 1;
			remoteGlobalIDString = 50D1F2E328BA7C4F0074F53B;
			remoteInfo = "elber WatchKit Extension";
		};
/* End PBXContainerItemProxy section */

/* Begin PBXCopyFilesBuildPhase section */
		50D1F2FA28BA7C4F0074F53B /* Embed App Extensions */ = {
			isa = PBXCopyFilesBuildPhase;
			buildActionMask = 2147483647;
			dstPath = "";
			dstSubfolderSpec = 13;
			files = (
				50D1F2E528BA7C4F0074F53B /* elber WatchKit Extension.appex in Embed App Extensions */,
			);
			name = "Embed App Extensions";
			runOnlyForDeploymentPostprocessing = 0;
		};
		50D1F2FE28BA7C4F0074F53B /* Embed Watch Content */ = {
			isa = PBXCopyFilesBuildPhase;
			buildActionMask = 2147483647;
			dstPath = "$(CONTENTS_FOLDER_PATH)/Watch";
			dstSubfolderSpec = 16;
			files = (
				50D1F2D728BA7C4E0074F53B /* elber WatchKit App.app in Embed Watch Content */,
			);
			name = "Embed Watch Content";
			runOnlyForDeploymentPostprocessing = 0;
		};
/* End PBXCopyFilesBuildPhase section */

/* Begin PBXFileReference section */
		1FB5A55DDF08A738850D816F /* Pods-elber WatchKit Extension.debug.xcconfig */ = {isa = PBXFileReference; includeInIndex = 1; lastKnownFileType = text.xcconfig; name = "Pods-elber WatchKit Extension.debug.xcconfig"; path = "Target Support Files/Pods-elber WatchKit Extension/Pods-elber WatchKit Extension.debug.xcconfig"; sourceTree = "<group>"; };
		2F1B30EF651A131D0A0D3A20 /* Pods-elber.release.xcconfig */ = {isa = PBXFileReference; includeInIndex = 1; lastKnownFileType = text.xcconfig; name = "Pods-elber.release.xcconfig"; path = "Target Support Files/Pods-elber/Pods-elber.release.xcconfig"; sourceTree = "<group>"; };
		4CAB56B2D6B0A63884192D7A /* Pods-elber WatchKit App.release.xcconfig */ = {isa = PBXFileReference; includeInIndex = 1; lastKnownFileType = text.xcconfig; name = "Pods-elber WatchKit App.release.xcconfig"; path = "Target Support Files/Pods-elber WatchKit App/Pods-elber WatchKit App.release.xcconfig"; sourceTree = "<group>"; };
		502183F128C66A46001E0F37 /* GoogleService-Info.plist */ = {isa = PBXFileReference; fileEncoding = 4; lastKnownFileType = text.plist.xml; path = "GoogleService-Info.plist"; sourceTree = "<group>"; };
		5072254328C5194F0075A274 /* AlertsUtil.swift */ = {isa = PBXFileReference; lastKnownFileType = sourcecode.swift; path = AlertsUtil.swift; sourceTree = "<group>"; };
		5089C44A28BD98D500DCB54D /* MainViewController.swift */ = {isa = PBXFileReference; lastKnownFileType = sourcecode.swift; path = MainViewController.swift; sourceTree = "<group>"; };
		5089C44D28BD9CD100DCB54D /* PrimaryButton.swift */ = {isa = PBXFileReference; lastKnownFileType = sourcecode.swift; path = PrimaryButton.swift; sourceTree = "<group>"; };
		5089C44F28BDA54700DCB54D /* SecondaryButton.swift */ = {isa = PBXFileReference; lastKnownFileType = sourcecode.swift; path = SecondaryButton.swift; sourceTree = "<group>"; };
		50D1F2C228BA7C4E0074F53B /* elber.app */ = {isa = PBXFileReference; explicitFileType = wrapper.application; includeInIndex = 0; path = elber.app; sourceTree = BUILT_PRODUCTS_DIR; };
		50D1F2C528BA7C4E0074F53B /* AppDelegate.swift */ = {isa = PBXFileReference; lastKnownFileType = sourcecode.swift; path = AppDelegate.swift; sourceTree = "<group>"; };
		50D1F2C728BA7C4E0074F53B /* SceneDelegate.swift */ = {isa = PBXFileReference; lastKnownFileType = sourcecode.swift; path = SceneDelegate.swift; sourceTree = "<group>"; };
		50D1F2CC28BA7C4E0074F53B /* Base */ = {isa = PBXFileReference; lastKnownFileType = file.storyboard; name = Base; path = Base.lproj/Main.storyboard; sourceTree = "<group>"; };
		50D1F2CE28BA7C4E0074F53B /* Assets.xcassets */ = {isa = PBXFileReference; lastKnownFileType = folder.assetcatalog; path = Assets.xcassets; sourceTree = "<group>"; };
		50D1F2D128BA7C4E0074F53B /* Base */ = {isa = PBXFileReference; lastKnownFileType = file.storyboard; name = Base; path = Base.lproj/LaunchScreen.storyboard; sourceTree = "<group>"; };
		50D1F2D328BA7C4E0074F53B /* Info.plist */ = {isa = PBXFileReference; lastKnownFileType = text.plist.xml; path = Info.plist; sourceTree = "<group>"; };
		50D1F2D628BA7C4E0074F53B /* elber WatchKit App.app */ = {isa = PBXFileReference; explicitFileType = wrapper.application; includeInIndex = 0; path = "elber WatchKit App.app"; sourceTree = BUILT_PRODUCTS_DIR; };
		50D1F2DC28BA7C4E0074F53B /* Base */ = {isa = PBXFileReference; lastKnownFileType = file.storyboard; name = Base; path = Base.lproj/Interface.storyboard; sourceTree = "<group>"; };
		50D1F2DE28BA7C4F0074F53B /* Assets.xcassets */ = {isa = PBXFileReference; lastKnownFileType = folder.assetcatalog; path = Assets.xcassets; sourceTree = "<group>"; };
		50D1F2E428BA7C4F0074F53B /* elber WatchKit Extension.appex */ = {isa = PBXFileReference; explicitFileType = "wrapper.app-extension"; includeInIndex = 0; path = "elber WatchKit Extension.appex"; sourceTree = BUILT_PRODUCTS_DIR; };
		50D1F2E928BA7C4F0074F53B /* InterfaceController.swift */ = {isa = PBXFileReference; lastKnownFileType = sourcecode.swift; path = InterfaceController.swift; sourceTree = "<group>"; };
		50D1F2EB28BA7C4F0074F53B /* ExtensionDelegate.swift */ = {isa = PBXFileReference; lastKnownFileType = sourcecode.swift; path = ExtensionDelegate.swift; sourceTree = "<group>"; };
		50D1F2ED28BA7C4F0074F53B /* NotificationController.swift */ = {isa = PBXFileReference; lastKnownFileType = sourcecode.swift; path = NotificationController.swift; sourceTree = "<group>"; };
		50D1F2EF28BA7C4F0074F53B /* ComplicationController.swift */ = {isa = PBXFileReference; lastKnownFileType = sourcecode.swift; path = ComplicationController.swift; sourceTree = "<group>"; };
		50D1F2F128BA7C4F0074F53B /* Assets.xcassets */ = {isa = PBXFileReference; lastKnownFileType = folder.assetcatalog; path = Assets.xcassets; sourceTree = "<group>"; };
		50D1F2F328BA7C4F0074F53B /* Info.plist */ = {isa = PBXFileReference; lastKnownFileType = text.plist.xml; path = Info.plist; sourceTree = "<group>"; };
		50D1F2F428BA7C4F0074F53B /* PushNotificationPayload.apns */ = {isa = PBXFileReference; lastKnownFileType = text; path = PushNotificationPayload.apns; sourceTree = "<group>"; };
		6DFE0D14D854A63209764482 /* Pods_elber.framework */ = {isa = PBXFileReference; explicitFileType = wrapper.framework; includeInIndex = 0; path = Pods_elber.framework; sourceTree = BUILT_PRODUCTS_DIR; };
		8B14064F1B24792CAEA0CF1C /* Pods-elber.debug.xcconfig */ = {isa = PBXFileReference; includeInIndex = 1; lastKnownFileType = text.xcconfig; name = "Pods-elber.debug.xcconfig"; path = "Target Support Files/Pods-elber/Pods-elber.debug.xcconfig"; sourceTree = "<group>"; };
		A0C4EEB6117CA61731D62868 /* Pods-elber WatchKit App.debug.xcconfig */ = {isa = PBXFileReference; includeInIndex = 1; lastKnownFileType = text.xcconfig; name = "Pods-elber WatchKit App.debug.xcconfig"; path = "Target Support Files/Pods-elber WatchKit App/Pods-elber WatchKit App.debug.xcconfig"; sourceTree = "<group>"; };
		AFBEFBA83AA467E2C519900C /* Pods_elber_WatchKit_Extension.framework */ = {isa = PBXFileReference; explicitFileType = wrapper.framework; includeInIndex = 0; path = Pods_elber_WatchKit_Extension.framework; sourceTree = BUILT_PRODUCTS_DIR; };
		C1EA1F7D1DD77C111AA5B216 /* Pods-elber WatchKit Extension.release.xcconfig */ = {isa = PBXFileReference; includeInIndex = 1; lastKnownFileType = text.xcconfig; name = "Pods-elber WatchKit Extension.release.xcconfig"; path = "Target Support Files/Pods-elber WatchKit Extension/Pods-elber WatchKit Extension.release.xcconfig"; sourceTree = "<group>"; };
		F1B1C2E2F0CEBF84A9132490 /* Pods_elber_WatchKit_App.framework */ = {isa = PBXFileReference; explicitFileType = wrapper.framework; includeInIndex = 0; path = Pods_elber_WatchKit_App.framework; sourceTree = BUILT_PRODUCTS_DIR; };
/* End PBXFileReference section */

/* Begin PBXFrameworksBuildPhase section */
		50D1F2BF28BA7C4E0074F53B /* Frameworks */ = {
			isa = PBXFrameworksBuildPhase;
			buildActionMask = 2147483647;
			files = (
				08ED534F56B3F402734CD392 /* Pods_elber.framework in Frameworks */,
			);
			runOnlyForDeploymentPostprocessing = 0;
		};
		50D1F2E128BA7C4F0074F53B /* Frameworks */ = {
			isa = PBXFrameworksBuildPhase;
			buildActionMask = 2147483647;
			files = (
				34C34A0AEEAE303CDD45C202 /* Pods_elber_WatchKit_Extension.framework in Frameworks */,
			);
			runOnlyForDeploymentPostprocessing = 0;
		};
		92EC273082E030814C56B19D /* Frameworks */ = {
			isa = PBXFrameworksBuildPhase;
			buildActionMask = 2147483647;
			files = (
				37D8FA63A507966A92B8355D /* Pods_elber_WatchKit_App.framework in Frameworks */,
			);
			runOnlyForDeploymentPostprocessing = 0;
		};
/* End PBXFrameworksBuildPhase section */

/* Begin PBXGroup section */
		192FD60B7D954F044E8AAEC2 /* Pods */ = {
			isa = PBXGroup;
			children = (
				8B14064F1B24792CAEA0CF1C /* Pods-elber.debug.xcconfig */,
				2F1B30EF651A131D0A0D3A20 /* Pods-elber.release.xcconfig */,
				A0C4EEB6117CA61731D62868 /* Pods-elber WatchKit App.debug.xcconfig */,
				4CAB56B2D6B0A63884192D7A /* Pods-elber WatchKit App.release.xcconfig */,
				1FB5A55DDF08A738850D816F /* Pods-elber WatchKit Extension.debug.xcconfig */,
				C1EA1F7D1DD77C111AA5B216 /* Pods-elber WatchKit Extension.release.xcconfig */,
			);
			path = Pods;
			sourceTree = "<group>";
		};
		5089C44528BD978700DCB54D /* views */ = {
			isa = PBXGroup;
			children = (
				5089C44C28BD9C3E00DCB54D /* utils */,
				5089C44A28BD98D500DCB54D /* MainViewController.swift */,
			);
			path = views;
			sourceTree = "<group>";
		};
		5089C44C28BD9C3E00DCB54D /* utils */ = {
			isa = PBXGroup;
			children = (
				5089C44D28BD9CD100DCB54D /* PrimaryButton.swift */,
				5089C44F28BDA54700DCB54D /* SecondaryButton.swift */,
				5072254328C5194F0075A274 /* AlertsUtil.swift */,
			);
			path = utils;
			sourceTree = "<group>";
		};
		50D1F2B928BA7C4D0074F53B = {
			isa = PBXGroup;
			children = (
				50D1F2C428BA7C4E0074F53B /* elber */,
				50D1F2DA28BA7C4E0074F53B /* elber WatchKit App */,
				50D1F2E828BA7C4F0074F53B /* elber WatchKit Extension */,
				50D1F2C328BA7C4E0074F53B /* Products */,
				192FD60B7D954F044E8AAEC2 /* Pods */,
				BE91B0227763CB4677ED707C /* Frameworks */,
			);
			sourceTree = "<group>";
		};
		50D1F2C328BA7C4E0074F53B /* Products */ = {
			isa = PBXGroup;
			children = (
				50D1F2C228BA7C4E0074F53B /* elber.app */,
				50D1F2D628BA7C4E0074F53B /* elber WatchKit App.app */,
				50D1F2E428BA7C4F0074F53B /* elber WatchKit Extension.appex */,
			);
			name = Products;
			sourceTree = "<group>";
		};
		50D1F2C428BA7C4E0074F53B /* elber */ = {
			isa = PBXGroup;
			children = (
				5089C44528BD978700DCB54D /* views */,
				50D1F2C528BA7C4E0074F53B /* AppDelegate.swift */,
				50D1F2C728BA7C4E0074F53B /* SceneDelegate.swift */,
				50D1F2CB28BA7C4E0074F53B /* Main.storyboard */,
				50D1F2CE28BA7C4E0074F53B /* Assets.xcassets */,
				50D1F2D028BA7C4E0074F53B /* LaunchScreen.storyboard */,
				50D1F2D328BA7C4E0074F53B /* Info.plist */,
				502183F128C66A46001E0F37 /* GoogleService-Info.plist */,
			);
			path = elber;
			sourceTree = "<group>";
		};
		50D1F2DA28BA7C4E0074F53B /* elber WatchKit App */ = {
			isa = PBXGroup;
			children = (
				50D1F2DB28BA7C4E0074F53B /* Interface.storyboard */,
				50D1F2DE28BA7C4F0074F53B /* Assets.xcassets */,
			);
			path = "elber WatchKit App";
			sourceTree = "<group>";
		};
		50D1F2E828BA7C4F0074F53B /* elber WatchKit Extension */ = {
			isa = PBXGroup;
			children = (
				50D1F2E928BA7C4F0074F53B /* InterfaceController.swift */,
				50D1F2EB28BA7C4F0074F53B /* ExtensionDelegate.swift */,
				50D1F2ED28BA7C4F0074F53B /* NotificationController.swift */,
				50D1F2EF28BA7C4F0074F53B /* ComplicationController.swift */,
				50D1F2F128BA7C4F0074F53B /* Assets.xcassets */,
				50D1F2F328BA7C4F0074F53B /* Info.plist */,
				50D1F2F428BA7C4F0074F53B /* PushNotificationPayload.apns */,
			);
			path = "elber WatchKit Extension";
			sourceTree = "<group>";
		};
		BE91B0227763CB4677ED707C /* Frameworks */ = {
			isa = PBXGroup;
			children = (
				6DFE0D14D854A63209764482 /* Pods_elber.framework */,
				F1B1C2E2F0CEBF84A9132490 /* Pods_elber_WatchKit_App.framework */,
				AFBEFBA83AA467E2C519900C /* Pods_elber_WatchKit_Extension.framework */,
			);
			name = Frameworks;
			sourceTree = "<group>";
		};
/* End PBXGroup section */

/* Begin PBXNativeTarget section */
		50D1F2C128BA7C4E0074F53B /* elber */ = {
			isa = PBXNativeTarget;
			buildConfigurationList = 50D1F2FF28BA7C4F0074F53B /* Build configuration list for PBXNativeTarget "elber" */;
			buildPhases = (
				815C764C1319E57547488707 /* [CP] Check Pods Manifest.lock */,
				50D1F2BE28BA7C4E0074F53B /* Sources */,
				50D1F2BF28BA7C4E0074F53B /* Frameworks */,
				50D1F2C028BA7C4E0074F53B /* Resources */,
				50D1F2FE28BA7C4F0074F53B /* Embed Watch Content */,
				B5CDD90ACB29FB069C0E2234 /* [CP] Embed Pods Frameworks */,
			);
			buildRules = (
			);
			dependencies = (
				50D1F2D928BA7C4E0074F53B /* PBXTargetDependency */,
			);
			name = elber;
			packageProductDependencies = (
			);
			productName = elber;
			productReference = 50D1F2C228BA7C4E0074F53B /* elber.app */;
			productType = "com.apple.product-type.application";
		};
		50D1F2D528BA7C4E0074F53B /* elber WatchKit App */ = {
			isa = PBXNativeTarget;
			buildConfigurationList = 50D1F2FB28BA7C4F0074F53B /* Build configuration list for PBXNativeTarget "elber WatchKit App" */;
			buildPhases = (
				AB18BCCC8CC209D0EB6BD8A5 /* [CP] Check Pods Manifest.lock */,
				50D1F2D428BA7C4E0074F53B /* Resources */,
				50D1F2FA28BA7C4F0074F53B /* Embed App Extensions */,
				92EC273082E030814C56B19D /* Frameworks */,
			);
			buildRules = (
			);
			dependencies = (
				50D1F2E728BA7C4F0074F53B /* PBXTargetDependency */,
			);
			name = "elber WatchKit App";
			productName = "elber WatchKit App";
			productReference = 50D1F2D628BA7C4E0074F53B /* elber WatchKit App.app */;
			productType = "com.apple.product-type.application.watchapp2";
		};
		50D1F2E328BA7C4F0074F53B /* elber WatchKit Extension */ = {
			isa = PBXNativeTarget;
			buildConfigurationList = 50D1F2F728BA7C4F0074F53B /* Build configuration list for PBXNativeTarget "elber WatchKit Extension" */;
			buildPhases = (
				3588B6104A940D1556D4C10B /* [CP] Check Pods Manifest.lock */,
				50D1F2E028BA7C4F0074F53B /* Sources */,
				50D1F2E128BA7C4F0074F53B /* Frameworks */,
				50D1F2E228BA7C4F0074F53B /* Resources */,
			);
			buildRules = (
			);
			dependencies = (
			);
			name = "elber WatchKit Extension";
			productName = "elber WatchKit Extension";
			productReference = 50D1F2E428BA7C4F0074F53B /* elber WatchKit Extension.appex */;
			productType = "com.apple.product-type.watchkit2-extension";
		};
/* End PBXNativeTarget section */

/* Begin PBXProject section */
		50D1F2BA28BA7C4D0074F53B /* Project object */ = {
			isa = PBXProject;
			attributes = {
				BuildIndependentTargetsInParallel = 1;
				LastSwiftUpdateCheck = 1340;
				LastUpgradeCheck = 1340;
				TargetAttributes = {
					50D1F2C128BA7C4E0074F53B = {
						CreatedOnToolsVersion = 13.4.1;
					};
					50D1F2D528BA7C4E0074F53B = {
						CreatedOnToolsVersion = 13.4.1;
					};
					50D1F2E328BA7C4F0074F53B = {
						CreatedOnToolsVersion = 13.4.1;
					};
				};
			};
			buildConfigurationList = 50D1F2BD28BA7C4D0074F53B /* Build configuration list for PBXProject "elber" */;
			compatibilityVersion = "Xcode 13.0";
			developmentRegion = en;
			hasScannedForEncodings = 0;
			knownRegions = (
				en,
				Base,
			);
			mainGroup = 50D1F2B928BA7C4D0074F53B;
			packageReferences = (
			);
			productRefGroup = 50D1F2C328BA7C4E0074F53B /* Products */;
			projectDirPath = "";
			projectRoot = "";
			targets = (
				50D1F2C128BA7C4E0074F53B /* elber */,
				50D1F2D528BA7C4E0074F53B /* elber WatchKit App */,
				50D1F2E328BA7C4F0074F53B /* elber WatchKit Extension */,
			);
		};
/* End PBXProject section */

/* Begin PBXResourcesBuildPhase section */
		50D1F2C028BA7C4E0074F53B /* Resources */ = {
			isa = PBXResourcesBuildPhase;
			buildActionMask = 2147483647;
			files = (
				50D1F2D228BA7C4E0074F53B /* LaunchScreen.storyboard in Resources */,
				502183F228C66A46001E0F37 /* GoogleService-Info.plist in Resources */,
				50D1F2CF28BA7C4E0074F53B /* Assets.xcassets in Resources */,
				50D1F2CD28BA7C4E0074F53B /* Main.storyboard in Resources */,
			);
			runOnlyForDeploymentPostprocessing = 0;
		};
		50D1F2D428BA7C4E0074F53B /* Resources */ = {
			isa = PBXResourcesBuildPhase;
			buildActionMask = 2147483647;
			files = (
				50D1F2DF28BA7C4F0074F53B /* Assets.xcassets in Resources */,
				50D1F2DD28BA7C4E0074F53B /* Interface.storyboard in Resources */,
			);
			runOnlyForDeploymentPostprocessing = 0;
		};
		50D1F2E228BA7C4F0074F53B /* Resources */ = {
			isa = PBXResourcesBuildPhase;
			buildActionMask = 2147483647;
			files = (
				50D1F2F228BA7C4F0074F53B /* Assets.xcassets in Resources */,
			);
			runOnlyForDeploymentPostprocessing = 0;
		};
/* End PBXResourcesBuildPhase section */

/* Begin PBXShellScriptBuildPhase section */
		3588B6104A940D1556D4C10B /* [CP] Check Pods Manifest.lock */ = {
			isa = PBXShellScriptBuildPhase;
			buildActionMask = 2147483647;
			files = (
			);
			inputFileListPaths = (
			);
			inputPaths = (
				"${PODS_PODFILE_DIR_PATH}/Podfile.lock",
				"${PODS_ROOT}/Manifest.lock",
			);
			name = "[CP] Check Pods Manifest.lock";
			outputFileListPaths = (
			);
			outputPaths = (
				"$(DERIVED_FILE_DIR)/Pods-elber WatchKit Extension-checkManifestLockResult.txt",
			);
			runOnlyForDeploymentPostprocessing = 0;
			shellPath = /bin/sh;
			shellScript = "diff \"${PODS_PODFILE_DIR_PATH}/Podfile.lock\" \"${PODS_ROOT}/Manifest.lock\" > /dev/null\nif [ $? != 0 ] ; then\n    # print error to STDERR\n    echo \"error: The sandbox is not in sync with the Podfile.lock. Run 'pod install' or update your CocoaPods installation.\" >&2\n    exit 1\nfi\n# This output is used by Xcode 'outputs' to avoid re-running this script phase.\necho \"SUCCESS\" > \"${SCRIPT_OUTPUT_FILE_0}\"\n";
			showEnvVarsInLog = 0;
		};
		815C764C1319E57547488707 /* [CP] Check Pods Manifest.lock */ = {
			isa = PBXShellScriptBuildPhase;
			buildActionMask = 2147483647;
			files = (
			);
			inputFileListPaths = (
			);
			inputPaths = (
				"${PODS_PODFILE_DIR_PATH}/Podfile.lock",
				"${PODS_ROOT}/Manifest.lock",
			);
			name = "[CP] Check Pods Manifest.lock";
			outputFileListPaths = (
			);
			outputPaths = (
				"$(DERIVED_FILE_DIR)/Pods-elber-checkManifestLockResult.txt",
			);
			runOnlyForDeploymentPostprocessing = 0;
			shellPath = /bin/sh;
			shellScript = "diff \"${PODS_PODFILE_DIR_PATH}/Podfile.lock\" \"${PODS_ROOT}/Manifest.lock\" > /dev/null\nif [ $? != 0 ] ; then\n    # print error to STDERR\n    echo \"error: The sandbox is not in sync with the Podfile.lock. Run 'pod install' or update your CocoaPods installation.\" >&2\n    exit 1\nfi\n# This output is used by Xcode 'outputs' to avoid re-running this script phase.\necho \"SUCCESS\" > \"${SCRIPT_OUTPUT_FILE_0}\"\n";
			showEnvVarsInLog = 0;
		};
		AB18BCCC8CC209D0EB6BD8A5 /* [CP] Check Pods Manifest.lock */ = {
			isa = PBXShellScriptBuildPhase;
			buildActionMask = 2147483647;
			files = (
			);
			inputFileListPaths = (
			);
			inputPaths = (
				"${PODS_PODFILE_DIR_PATH}/Podfile.lock",
				"${PODS_ROOT}/Manifest.lock",
			);
			name = "[CP] Check Pods Manifest.lock";
			outputFileListPaths = (
			);
			outputPaths = (
				"$(DERIVED_FILE_DIR)/Pods-elber WatchKit App-checkManifestLockResult.txt",
			);
			runOnlyForDeploymentPostprocessing = 0;
			shellPath = /bin/sh;
			shellScript = "diff \"${PODS_PODFILE_DIR_PATH}/Podfile.lock\" \"${PODS_ROOT}/Manifest.lock\" > /dev/null\nif [ $? != 0 ] ; then\n    # print error to STDERR\n    echo \"error: The sandbox is not in sync with the Podfile.lock. Run 'pod install' or update your CocoaPods installation.\" >&2\n    exit 1\nfi\n# This output is used by Xcode 'outputs' to avoid re-running this script phase.\necho \"SUCCESS\" > \"${SCRIPT_OUTPUT_FILE_0}\"\n";
			showEnvVarsInLog = 0;
		};
		B5CDD90ACB29FB069C0E2234 /* [CP] Embed Pods Frameworks */ = {
			isa = PBXShellScriptBuildPhase;
			buildActionMask = 2147483647;
			files = (
			);
			inputFileListPaths = (
				"${PODS_ROOT}/Target Support Files/Pods-elber/Pods-elber-frameworks-${CONFIGURATION}-input-files.xcfilelist",
			);
			name = "[CP] Embed Pods Frameworks";
			outputFileListPaths = (
				"${PODS_ROOT}/Target Support Files/Pods-elber/Pods-elber-frameworks-${CONFIGURATION}-output-files.xcfilelist",
			);
			runOnlyForDeploymentPostprocessing = 0;
			shellPath = /bin/sh;
			shellScript = "\"${PODS_ROOT}/Target Support Files/Pods-elber/Pods-elber-frameworks.sh\"\n";
			showEnvVarsInLog = 0;
		};
/* End PBXShellScriptBuildPhase section */

/* Begin PBXSourcesBuildPhase section */
		50D1F2BE28BA7C4E0074F53B /* Sources */ = {
			isa = PBXSourcesBuildPhase;
			buildActionMask = 2147483647;
			files = (
				5089C45028BDA54700DCB54D /* SecondaryButton.swift in Sources */,
				50D1F2C628BA7C4E0074F53B /* AppDelegate.swift in Sources */,
				5072254428C5194F0075A274 /* AlertsUtil.swift in Sources */,
				50D1F2C828BA7C4E0074F53B /* SceneDelegate.swift in Sources */,
				5089C44E28BD9CD100DCB54D /* PrimaryButton.swift in Sources */,
				5089C44B28BD98D500DCB54D /* MainViewController.swift in Sources */,
			);
			runOnlyForDeploymentPostprocessing = 0;
		};
		50D1F2E028BA7C4F0074F53B /* Sources */ = {
			isa = PBXSourcesBuildPhase;
			buildActionMask = 2147483647;
			files = (
				50D1F2EE28BA7C4F0074F53B /* NotificationController.swift in Sources */,
				50D1F2F028BA7C4F0074F53B /* ComplicationController.swift in Sources */,
				50D1F2EC28BA7C4F0074F53B /* ExtensionDelegate.swift in Sources */,
				50D1F2EA28BA7C4F0074F53B /* InterfaceController.swift in Sources */,
			);
			runOnlyForDeploymentPostprocessing = 0;
		};
/* End PBXSourcesBuildPhase section */

/* Begin PBXTargetDependency section */
		50D1F2D928BA7C4E0074F53B /* PBXTargetDependency */ = {
			isa = PBXTargetDependency;
			target = 50D1F2D528BA7C4E0074F53B /* elber WatchKit App */;
			targetProxy = 50D1F2D828BA7C4E0074F53B /* PBXContainerItemProxy */;
		};
		50D1F2E728BA7C4F0074F53B /* PBXTargetDependency */ = {
			isa = PBXTargetDependency;
			target = 50D1F2E328BA7C4F0074F53B /* elber WatchKit Extension */;
			targetProxy = 50D1F2E628BA7C4F0074F53B /* PBXContainerItemProxy */;
		};
/* End PBXTargetDependency section */

/* Begin PBXVariantGroup section */
		50D1F2CB28BA7C4E0074F53B /* Main.storyboard */ = {
			isa = PBXVariantGroup;
			children = (
				50D1F2CC28BA7C4E0074F53B /* Base */,
			);
			name = Main.storyboard;
			sourceTree = "<group>";
		};
		50D1F2D028BA7C4E0074F53B /* LaunchScreen.storyboard */ = {
			isa = PBXVariantGroup;
			children = (
				50D1F2D128BA7C4E0074F53B /* Base */,
			);
			name = LaunchScreen.storyboard;
			sourceTree = "<group>";
		};
		50D1F2DB28BA7C4E0074F53B /* Interface.storyboard */ = {
			isa = PBXVariantGroup;
			children = (
				50D1F2DC28BA7C4E0074F53B /* Base */,
			);
			name = Interface.storyboard;
			sourceTree = "<group>";
		};
/* End PBXVariantGroup section */

/* Begin XCBuildConfiguration section */
		50D1F2F528BA7C4F0074F53B /* Debug */ = {
			isa = XCBuildConfiguration;
			buildSettings = {
				ALWAYS_SEARCH_USER_PATHS = NO;
				CLANG_ANALYZER_NONNULL = YES;
				CLANG_ANALYZER_NUMBER_OBJECT_CONVERSION = YES_AGGRESSIVE;
				CLANG_CXX_LANGUAGE_STANDARD = "gnu++17";
				CLANG_ENABLE_MODULES = YES;
				CLANG_ENABLE_OBJC_ARC = YES;
				CLANG_ENABLE_OBJC_WEAK = YES;
				CLANG_WARN_BLOCK_CAPTURE_AUTORELEASING = YES;
				CLANG_WARN_BOOL_CONVERSION = YES;
				CLANG_WARN_COMMA = YES;
				CLANG_WARN_CONSTANT_CONVERSION = YES;
				CLANG_WARN_DEPRECATED_OBJC_IMPLEMENTATIONS = YES;
				CLANG_WARN_DIRECT_OBJC_ISA_USAGE = YES_ERROR;
				CLANG_WARN_DOCUMENTATION_COMMENTS = YES;
				CLANG_WARN_EMPTY_BODY = YES;
				CLANG_WARN_ENUM_CONVERSION = YES;
				CLANG_WARN_INFINITE_RECURSION = YES;
				CLANG_WARN_INT_CONVERSION = YES;
				CLANG_WARN_NON_LITERAL_NULL_CONVERSION = YES;
				CLANG_WARN_OBJC_IMPLICIT_RETAIN_SELF = YES;
				CLANG_WARN_OBJC_LITERAL_CONVERSION = YES;
				CLANG_WARN_OBJC_ROOT_CLASS = YES_ERROR;
				CLANG_WARN_QUOTED_INCLUDE_IN_FRAMEWORK_HEADER = YES;
				CLANG_WARN_RANGE_LOOP_ANALYSIS = YES;
				CLANG_WARN_STRICT_PROTOTYPES = YES;
				CLANG_WARN_SUSPICIOUS_MOVE = YES;
				CLANG_WARN_UNGUARDED_AVAILABILITY = YES_AGGRESSIVE;
				CLANG_WARN_UNREACHABLE_CODE = YES;
				CLANG_WARN__DUPLICATE_METHOD_MATCH = YES;
				COPY_PHASE_STRIP = NO;
				DEBUG_INFORMATION_FORMAT = dwarf;
				ENABLE_STRICT_OBJC_MSGSEND = YES;
				ENABLE_TESTABILITY = YES;
				GCC_C_LANGUAGE_STANDARD = gnu11;
				GCC_DYNAMIC_NO_PIC = NO;
				GCC_NO_COMMON_BLOCKS = YES;
				GCC_OPTIMIZATION_LEVEL = 0;
				GCC_PREPROCESSOR_DEFINITIONS = (
					"DEBUG=1",
					"$(inherited)",
				);
				GCC_WARN_64_TO_32_BIT_CONVERSION = YES;
				GCC_WARN_ABOUT_RETURN_TYPE = YES_ERROR;
				GCC_WARN_UNDECLARED_SELECTOR = YES;
				GCC_WARN_UNINITIALIZED_AUTOS = YES_AGGRESSIVE;
				GCC_WARN_UNUSED_FUNCTION = YES;
				GCC_WARN_UNUSED_VARIABLE = YES;
				MTL_ENABLE_DEBUG_INFO = INCLUDE_SOURCE;
				MTL_FAST_MATH = YES;
				ONLY_ACTIVE_ARCH = YES;
				SWIFT_ACTIVE_COMPILATION_CONDITIONS = DEBUG;
				SWIFT_OPTIMIZATION_LEVEL = "-Onone";
			};
			name = Debug;
		};
		50D1F2F628BA7C4F0074F53B /* Release */ = {
			isa = XCBuildConfiguration;
			buildSettings = {
				ALWAYS_SEARCH_USER_PATHS = NO;
				CLANG_ANALYZER_NONNULL = YES;
				CLANG_ANALYZER_NUMBER_OBJECT_CONVERSION = YES_AGGRESSIVE;
				CLANG_CXX_LANGUAGE_STANDARD = "gnu++17";
				CLANG_ENABLE_MODULES = YES;
				CLANG_ENABLE_OBJC_ARC = YES;
				CLANG_ENABLE_OBJC_WEAK = YES;
				CLANG_WARN_BLOCK_CAPTURE_AUTORELEASING = YES;
				CLANG_WARN_BOOL_CONVERSION = YES;
				CLANG_WARN_COMMA = YES;
				CLANG_WARN_CONSTANT_CONVERSION = YES;
				CLANG_WARN_DEPRECATED_OBJC_IMPLEMENTATIONS = YES;
				CLANG_WARN_DIRECT_OBJC_ISA_USAGE = YES_ERROR;
				CLANG_WARN_DOCUMENTATION_COMMENTS = YES;
				CLANG_WARN_EMPTY_BODY = YES;
				CLANG_WARN_ENUM_CONVERSION = YES;
				CLANG_WARN_INFINITE_RECURSION = YES;
				CLANG_WARN_INT_CONVERSION = YES;
				CLANG_WARN_NON_LITERAL_NULL_CONVERSION = YES;
				CLANG_WARN_OBJC_IMPLICIT_RETAIN_SELF = YES;
				CLANG_WARN_OBJC_LITERAL_CONVERSION = YES;
				CLANG_WARN_OBJC_ROOT_CLASS = YES_ERROR;
				CLANG_WARN_QUOTED_INCLUDE_IN_FRAMEWORK_HEADER = YES;
				CLANG_WARN_RANGE_LOOP_ANALYSIS = YES;
				CLANG_WARN_STRICT_PROTOTYPES = YES;
				CLANG_WARN_SUSPICIOUS_MOVE = YES;
				CLANG_WARN_UNGUARDED_AVAILABILITY = YES_AGGRESSIVE;
				CLANG_WARN_UNREACHABLE_CODE = YES;
				CLANG_WARN__DUPLICATE_METHOD_MATCH = YES;
				COPY_PHASE_STRIP = NO;
				DEBUG_INFORMATION_FORMAT = "dwarf-with-dsym";
				ENABLE_NS_ASSERTIONS = NO;
				ENABLE_STRICT_OBJC_MSGSEND = YES;
				GCC_C_LANGUAGE_STANDARD = gnu11;
				GCC_NO_COMMON_BLOCKS = YES;
				GCC_WARN_64_TO_32_BIT_CONVERSION = YES;
				GCC_WARN_ABOUT_RETURN_TYPE = YES_ERROR;
				GCC_WARN_UNDECLARED_SELECTOR = YES;
				GCC_WARN_UNINITIALIZED_AUTOS = YES_AGGRESSIVE;
				GCC_WARN_UNUSED_FUNCTION = YES;
				GCC_WARN_UNUSED_VARIABLE = YES;
				MTL_ENABLE_DEBUG_INFO = NO;
				MTL_FAST_MATH = YES;
				SWIFT_COMPILATION_MODE = wholemodule;
				SWIFT_OPTIMIZATION_LEVEL = "-O";
			};
			name = Release;
		};
		50D1F2F828BA7C4F0074F53B /* Debug */ = {
			isa = XCBuildConfiguration;
			baseConfigurationReference = 1FB5A55DDF08A738850D816F /* Pods-elber WatchKit Extension.debug.xcconfig */;
			buildSettings = {
				ASSETCATALOG_COMPILER_COMPLICATION_NAME = Complication;
				CODE_SIGN_STYLE = Automatic;
				CURRENT_PROJECT_VERSION = 1;
				DEVELOPMENT_TEAM = 9LG99MLK8K;
				GENERATE_INFOPLIST_FILE = YES;
				INFOPLIST_FILE = "elber WatchKit Extension/Info.plist";
				INFOPLIST_KEY_CFBundleDisplayName = "elber WatchKit Extension";
				INFOPLIST_KEY_CLKComplicationPrincipalClass = elber_WatchKit_Extension.ComplicationController;
				INFOPLIST_KEY_NSHumanReadableCopyright = "";
				INFOPLIST_KEY_WKExtensionDelegateClassName = elber_WatchKit_Extension.ExtensionDelegate;
				INFOPLIST_KEY_WKRunsIndependentlyOfCompanionApp = YES;
				LD_RUNPATH_SEARCH_PATHS = (
					"$(inherited)",
					"@executable_path/Frameworks",
					"@executable_path/../../Frameworks",
				);
				MARKETING_VERSION = 1.0;
				PRODUCT_BUNDLE_IDENTIFIER = com.mnavapena.elberios.watchkitapp.watchkitextension;
				PRODUCT_NAME = "${TARGET_NAME}";
				SDKROOT = watchos;
				SKIP_INSTALL = YES;
				SWIFT_EMIT_LOC_STRINGS = YES;
				SWIFT_VERSION = 5.0;
				TARGETED_DEVICE_FAMILY = 4;
				WATCHOS_DEPLOYMENT_TARGET = 8.5;
			};
			name = Debug;
		};
		50D1F2F928BA7C4F0074F53B /* Release */ = {
			isa = XCBuildConfiguration;
			baseConfigurationReference = C1EA1F7D1DD77C111AA5B216 /* Pods-elber WatchKit Extension.release.xcconfig */;
			buildSettings = {
				ASSETCATALOG_COMPILER_COMPLICATION_NAME = Complication;
				CODE_SIGN_STYLE = Automatic;
				CURRENT_PROJECT_VERSION = 1;
				DEVELOPMENT_TEAM = 9LG99MLK8K;
				GENERATE_INFOPLIST_FILE = YES;
				INFOPLIST_FILE = "elber WatchKit Extension/Info.plist";
				INFOPLIST_KEY_CFBundleDisplayName = "elber WatchKit Extension";
				INFOPLIST_KEY_CLKComplicationPrincipalClass = elber_WatchKit_Extension.ComplicationController;
				INFOPLIST_KEY_NSHumanReadableCopyright = "";
				INFOPLIST_KEY_WKExtensionDelegateClassName = elber_WatchKit_Extension.ExtensionDelegate;
				INFOPLIST_KEY_WKRunsIndependentlyOfCompanionApp = YES;
				LD_RUNPATH_SEARCH_PATHS = (
					"$(inherited)",
					"@executable_path/Frameworks",
					"@executable_path/../../Frameworks",
				);
				MARKETING_VERSION = 1.0;
				PRODUCT_BUNDLE_IDENTIFIER = com.mnavapena.elberios.watchkitapp.watchkitextension;
				PRODUCT_NAME = "${TARGET_NAME}";
				SDKROOT = watchos;
				SKIP_INSTALL = YES;
				SWIFT_EMIT_LOC_STRINGS = YES;
				SWIFT_VERSION = 5.0;
				TARGETED_DEVICE_FAMILY = 4;
				VALIDATE_PRODUCT = YES;
				WATCHOS_DEPLOYMENT_TARGET = 8.5;
			};
			name = Release;
		};
		50D1F2FC28BA7C4F0074F53B /* Debug */ = {
			isa = XCBuildConfiguration;
			baseConfigurationReference = A0C4EEB6117CA61731D62868 /* Pods-elber WatchKit App.debug.xcconfig */;
			buildSettings = {
				ALWAYS_EMBED_SWIFT_STANDARD_LIBRARIES = YES;
				ASSETCATALOG_COMPILER_APPICON_NAME = AppIcon;
				ASSETCATALOG_COMPILER_GLOBAL_ACCENT_COLOR_NAME = AccentColor;
				CODE_SIGN_STYLE = Automatic;
				CURRENT_PROJECT_VERSION = 1;
				DEVELOPMENT_TEAM = 9LG99MLK8K;
				GENERATE_INFOPLIST_FILE = YES;
				IBSC_MODULE = elber_WatchKit_Extension;
				INFOPLIST_KEY_CFBundleDisplayName = "elber WatchKit App";
				INFOPLIST_KEY_UISupportedInterfaceOrientations = "UIInterfaceOrientationPortrait UIInterfaceOrientationPortraitUpsideDown";
				INFOPLIST_KEY_WKCompanionAppBundleIdentifier = com.mnavapena.elberios;
				MARKETING_VERSION = 1.0;
				PRODUCT_BUNDLE_IDENTIFIER = com.mnavapena.elberios.watchkitapp;
				PRODUCT_NAME = "$(TARGET_NAME)";
				SDKROOT = watchos;
				SKIP_INSTALL = YES;
				SWIFT_EMIT_LOC_STRINGS = YES;
				SWIFT_VERSION = 5.0;
				TARGETED_DEVICE_FAMILY = 4;
				WATCHOS_DEPLOYMENT_TARGET = 8.5;
			};
			name = Debug;
		};
		50D1F2FD28BA7C4F0074F53B /* Release */ = {
			isa = XCBuildConfiguration;
			baseConfigurationReference = 4CAB56B2D6B0A63884192D7A /* Pods-elber WatchKit App.release.xcconfig */;
			buildSettings = {
				ALWAYS_EMBED_SWIFT_STANDARD_LIBRARIES = YES;
				ASSETCATALOG_COMPILER_APPICON_NAME = AppIcon;
				ASSETCATALOG_COMPILER_GLOBAL_ACCENT_COLOR_NAME = AccentColor;
				CODE_SIGN_STYLE = Automatic;
				CURRENT_PROJECT_VERSION = 1;
				DEVELOPMENT_TEAM = 9LG99MLK8K;
				GENERATE_INFOPLIST_FILE = YES;
				IBSC_MODULE = elber_WatchKit_Extension;
				INFOPLIST_KEY_CFBundleDisplayName = "elber WatchKit App";
				INFOPLIST_KEY_UISupportedInterfaceOrientations = "UIInterfaceOrientationPortrait UIInterfaceOrientationPortraitUpsideDown";
				INFOPLIST_KEY_WKCompanionAppBundleIdentifier = com.mnavapena.elberios;
				MARKETING_VERSION = 1.0;
				PRODUCT_BUNDLE_IDENTIFIER = com.mnavapena.elberios.watchkitapp;
				PRODUCT_NAME = "$(TARGET_NAME)";
				SDKROOT = watchos;
				SKIP_INSTALL = YES;
				SWIFT_EMIT_LOC_STRINGS = YES;
				SWIFT_VERSION = 5.0;
				TARGETED_DEVICE_FAMILY = 4;
				VALIDATE_PRODUCT = YES;
				WATCHOS_DEPLOYMENT_TARGET = 8.5;
			};
			name = Release;
		};
		50D1F30028BA7C4F0074F53B /* Debug */ = {
			isa = XCBuildConfiguration;
			baseConfigurationReference = 8B14064F1B24792CAEA0CF1C /* Pods-elber.debug.xcconfig */;
			buildSettings = {
				ASSETCATALOG_COMPILER_APPICON_NAME = AppIcon;
				ASSETCATALOG_COMPILER_GLOBAL_ACCENT_COLOR_NAME = AccentColor;
				CODE_SIGN_STYLE = Automatic;
				CURRENT_PROJECT_VERSION = 1;
				DEVELOPMENT_TEAM = 9LG99MLK8K;
				GENERATE_INFOPLIST_FILE = YES;
				INFOPLIST_FILE = elber/Info.plist;
				INFOPLIST_KEY_CFBundleDisplayName = Elber;
				INFOPLIST_KEY_UIApplicationSupportsIndirectInputEvents = YES;
				INFOPLIST_KEY_UILaunchStoryboardName = LaunchScreen;
				INFOPLIST_KEY_UIMainStoryboardFile = Main;
				INFOPLIST_KEY_UISupportedInterfaceOrientations = UIInterfaceOrientationPortrait;
				INFOPLIST_KEY_UISupportedInterfaceOrientations_iPad = "UIInterfaceOrientationPortrait UIInterfaceOrientationPortraitUpsideDown UIInterfaceOrientationLandscapeLeft UIInterfaceOrientationLandscapeRight";
				INFOPLIST_KEY_UISupportedInterfaceOrientations_iPhone = "UIInterfaceOrientationPortrait UIInterfaceOrientationLandscapeLeft UIInterfaceOrientationLandscapeRight";
				IPHONEOS_DEPLOYMENT_TARGET = 15.5;
				LD_RUNPATH_SEARCH_PATHS = (
					"$(inherited)",
					"@executable_path/Frameworks",
				);
				MARKETING_VERSION = 1.0;
				PRODUCT_BUNDLE_IDENTIFIER = com.mnavapena.elberios;
				PRODUCT_NAME = "$(TARGET_NAME)";
				SDKROOT = iphoneos;
				SWIFT_EMIT_LOC_STRINGS = YES;
				SWIFT_VERSION = 5.0;
				TARGETED_DEVICE_FAMILY = 1;
			};
			name = Debug;
		};
		50D1F30128BA7C4F0074F53B /* Release */ = {
			isa = XCBuildConfiguration;
			baseConfigurationReference = 2F1B30EF651A131D0A0D3A20 /* Pods-elber.release.xcconfig */;
			buildSettings = {
				ASSETCATALOG_COMPILER_APPICON_NAME = AppIcon;
				ASSETCATALOG_COMPILER_GLOBAL_ACCENT_COLOR_NAME = AccentColor;
				CODE_SIGN_STYLE = Automatic;
				CURRENT_PROJECT_VERSION = 1;
				DEVELOPMENT_TEAM = 9LG99MLK8K;
				GENERATE_INFOPLIST_FILE = YES;
				INFOPLIST_FILE = elber/Info.plist;
				INFOPLIST_KEY_CFBundleDisplayName = Elber;
				INFOPLIST_KEY_UIApplicationSupportsIndirectInputEvents = YES;
				INFOPLIST_KEY_UILaunchStoryboardName = LaunchScreen;
				INFOPLIST_KEY_UIMainStoryboardFile = Main;
				INFOPLIST_KEY_UISupportedInterfaceOrientations = UIInterfaceOrientationPortrait;
				INFOPLIST_KEY_UISupportedInterfaceOrientations_iPad = "UIInterfaceOrientationPortrait UIInterfaceOrientationPortraitUpsideDown UIInterfaceOrientationLandscapeLeft UIInterfaceOrientationLandscapeRight";
				INFOPLIST_KEY_UISupportedInterfaceOrientations_iPhone = "UIInterfaceOrientationPortrait UIInterfaceOrientationLandscapeLeft UIInterfaceOrientationLandscapeRight";
				IPHONEOS_DEPLOYMENT_TARGET = 15.5;
				LD_RUNPATH_SEARCH_PATHS = (
					"$(inherited)",
					"@executable_path/Frameworks",
				);
				MARKETING_VERSION = 1.0;
				PRODUCT_BUNDLE_IDENTIFIER = com.mnavapena.elberios;
				PRODUCT_NAME = "$(TARGET_NAME)";
				SDKROOT = iphoneos;
				SWIFT_EMIT_LOC_STRINGS = YES;
				SWIFT_VERSION = 5.0;
				TARGETED_DEVICE_FAMILY = 1;
				VALIDATE_PRODUCT = YES;
			};
			name = Release;
		};
/* End XCBuildConfiguration section */

/* Begin XCConfigurationList section */
		50D1F2BD28BA7C4D0074F53B /* Build configuration list for PBXProject "elber" */ = {
			isa = XCConfigurationList;
			buildConfigurations = (
				50D1F2F528BA7C4F0074F53B /* Debug */,
				50D1F2F628BA7C4F0074F53B /* Release */,
			);
			defaultConfigurationIsVisible = 0;
			defaultConfigurationName = Release;
		};
		50D1F2F728BA7C4F0074F53B /* Build configuration list for PBXNativeTarget "elber WatchKit Extension" */ = {
			isa = XCConfigurationList;
			buildConfigurations = (
				50D1F2F828BA7C4F0074F53B /* Debug */,
				50D1F2F928BA7C4F0074F53B /* Release */,
			);
			defaultConfigurationIsVisible = 0;
			defaultConfigurationName = Release;
		};
		50D1F2FB28BA7C4F0074F53B /* Build configuration list for PBXNativeTarget "elber WatchKit App" */ = {
			isa = XCConfigurationList;
			buildConfigurations = (
				50D1F2FC28BA7C4F0074F53B /* Debug */,
				50D1F2FD28BA7C4F0074F53B /* Release */,
			);
			defaultConfigurationIsVisible = 0;
			defaultConfigurationName = Release;
		};
		50D1F2FF28BA7C4F0074F53B /* Build configuration list for PBXNativeTarget "elber" */ = {
			isa = XCConfigurationList;
			buildConfigurations = (
				50D1F30028BA7C4F0074F53B /* Debug */,
				50D1F30128BA7C4F0074F53B /* Release */,
			);
			defaultConfigurationIsVisible = 0;
			defaultConfigurationName = Release;
		};
/* End XCConfigurationList section */
	};
	rootObject = 50D1F2BA28BA7C4D0074F53B /* Project object */;
}
